
Microsoft Visual Studio Solution File, Format Version 12.00
# Visual Studio Version 17
VisualStudioVersion = 17.4.33213.308
MinimumVisualStudioVersion = 10.0.40219.1
Project("{9A19103F-16F7-4668-BE54-9A1E7A4F7556}") = "WebApplication1", "WebApplication1.csproj", "{3594BF4E-102E-45FA-8468-009DA558FAAD}"
EndProject
Global
	GlobalSection(SolutionConfigurationPlatforms) = preSolution
		Debug|Any CPU = Debug|Any CPU
		Release|Any CPU = Release|Any CPU
	EndGlobalSection
	GlobalSection(ProjectConfigurationPlatforms) = postSolution
		{3594BF4E-102E-45FA-8468-009DA558FAAD}.Debug|Any CPU.ActiveCfg = Debug|Any CPU
		{3594BF4E-102E-45FA-8468-009DA558FAAD}.Debug|Any CPU.Build.0 = Debug|Any CPU
		{3594BF4E-102E-45FA-8468-009DA558FAAD}.Release|Any CPU.ActiveCfg = Release|Any CPU
		{3594BF4E-102E-45FA-8468-009DA558FAAD}.Release|Any CPU.Build.0 = Release|Any CPU
	EndGlobalSection
	GlobalSection(SolutionProperties) = preSolution
		HideSolutionNode = FALSE
	EndGlobalSection
	GlobalSection(ExtensibilityGlobals) = postSolution
		SolutionGuid = {920808FE-3772-4500-BDDB-3C2C4C401BA1}
	EndGlobalSection
EndGlobal
